
Microsoft Visual Studio Solution File, Format Version 12.00
# Visual Studio Express 2013 for Web
VisualStudioVersion = 12.0.31101.0
MinimumVisualStudioVersion = 10.0.40219.1
Project("{FAE04EC0-301F-11D3-BF4B-00C04F79EFBC}") = "crm", "crm\crm.csproj", "{F5E60E0A-6C69-43D8-BCFC-BDA2DC4B9206}"
EndProject
Project("{FAE04EC0-301F-11D3-BF4B-00C04F79EFBC}") = "crm.Tests", "crm.Tests\crm.Tests.csproj", "{D5FE65F4-F9AD-4940-B11F-F2743085AF95}"
EndProject
Global
	GlobalSection(SolutionConfigurationPlatforms) = preSolution
		Debug|Any CPU = Debug|Any CPU
		Release|Any CPU = Release|Any CPU
	EndGlobalSection
	GlobalSection(ProjectConfigurationPlatforms) = postSolution
		{F5E60E0A-6C69-43D8-BCFC-BDA2DC4B9206}.Debug|Any CPU.ActiveCfg = Debug|Any CPU
		{F5E60E0A-6C69-43D8-BCFC-BDA2DC4B9206}.Debug|Any CPU.Build.0 = Debug|Any CPU
		{F5E60E0A-6C69-43D8-BCFC-BDA2DC4B9206}.Release|Any CPU.ActiveCfg = Release|Any CPU
		{F5E60E0A-6C69-43D8-BCFC-BDA2DC4B9206}.Release|Any CPU.Build.0 = Release|Any CPU
		{D5FE65F4-F9AD-4940-B11F-F2743085AF95}.Debug|Any CPU.ActiveCfg = Debug|Any CPU
		{D5FE65F4-F9AD-4940-B11F-F2743085AF95}.Debug|Any CPU.Build.0 = Debug|Any CPU
		{D5FE65F4-F9AD-4940-B11F-F2743085AF95}.Release|Any CPU.ActiveCfg = Release|Any CPU
		{D5FE65F4-F9AD-4940-B11F-F2743085AF95}.Release|Any CPU.Build.0 = Release|Any CPU
	EndGlobalSection
	GlobalSection(SolutionProperties) = preSolution
		HideSolutionNode = FALSE
	EndGlobalSection
EndGlobal
